# THIS IS AN AUTOGENERATED FILE. DO NOT EDIT THIS FILE DIRECTLY.
# yarn lockfile v1


connext-tools@^1.0.0:
  version "1.0.0"
  resolved "https://registry.yarnpkg.com/connext-tools/-/connext-tools-1.0.0.tgz#25628364a29b8bb3e2077a374bb5741450f62657"
  integrity sha512-zeEPlvkmbpvR4Mgp5fmOvRJd8K4PXrJBC3zsYEBElu4R87EvsujcNaJLR49tvi7nbJarDAY3YFX3KRayftCzUw==

connext-tools@^1.0.1:
  version "1.0.1"
  resolved "https://registry.yarnpkg.com/connext-tools/-/connext-tools-1.0.1.tgz#c366c96e72036722c40aaad2a6365416d5a0be3b"
  integrity sha512-iw+4QH4NNbl/DW5fmh8FXwQXAMH/lLFBUwPDNWxar0QOP1GxSH6MBNglT6JtqlU44VAOKRxjQ88tHkTZETyiUA==
  dependencies:
    connext-tools "^1.0.0"
